{
  "lockfile_version": "1",
  "packages": {
    "flutter@latest": {
      "last_modified": "2025-12-09T08:49:39Z",
      "resolved": "github:NixOS/nixpkgs/677fbe97984e7af3175b6c121f3c39ee5c8d62c9#flutter",
      "source": "devbox-search",
      "version": "3.38.4-sdk-links",
      "systems": {
        "aarch64-darwin": {
          "outputs": [
            {
              "name": "out",
              "path": "/nix/store/lq2gl22767rgad6yw6cmrrhxjgn7s0p1-flutter-wrapped-3.38.4-sdk-links",
              "default": true
            }
          ],
          "store_path": "/nix/store/lq2gl22767rgad6yw6cmrrhxjgn7s0p1-flutter-wrapped-3.38.4-sdk-links"
        },
        "aarch64-linux": {
          "outputs": [
            {
              "name": "out",
              "path": "/nix/store/789y6n7gk76yif1jsvi67flj8rqyz53h-flutter-wrapped-3.38.4-sdk-links",
              "default": true
            }
          ],
          "store_path": "/nix/store/789y6n7gk76yif1jsvi67flj8rqyz53h-flutter-wrapped-3.38.4-sdk-links"
        },
        "x86_64-darwin": {
          "outputs": [
            {
              "name": "out",
              "path": "/nix/store/qnqj04pscfkrw8lyrid2w0lj0fnydd27-flutter-wrapped-3.38.4-sdk-links",
              "default": true
            }
          ],
          "store_path": "/nix/store/qnqj04pscfkrw8lyrid2w0lj0fnydd27-flutter-wrapped-3.38.4-sdk-links"
        },
        "x86_64-linux": {
          "outputs": [
            {
              "name": "out",
              "path": "/nix/store/5hy4pnf1wmiad19kw1zrmlmawf2cdrcy-flutter-wrapped-3.38.4-sdk-links",
              "default": true
            }
          ],
          "store_path": "/nix/store/5hy4pnf1wmiad19kw1zrmlmawf2cdrcy-flutter-wrapped-3.38.4-sdk-links"
        }
      }
    },
    "github:NixOS/nixpkgs/nixpkgs-unstable": {
      "last_modified": "2025-12-19T06:18:24Z",
      "resolved": "github:NixOS/nixpkgs/7d853e518814cca2a657b72eeba67ae20ebf7059?lastModified=1766125104"
    }
  }
}
